
Microsoft Visual Studio Solution File, Format Version 12.00
# Visual Studio 15
VisualStudioVersion = 15.0.28307.329
MinimumVisualStudioVersion = 10.0.40219.1
Project("{8BC9CEB8-8B4A-11D0-8D11-00A0C91BC942}") = "Chapter8_Reports_Part2", "Chapter8_Reports_Part2\Chapter8_Reports_Part2.vcxproj", "{C6A5EF2E-FE95-4A5B-87EC-37282D1C7837}"
EndProject
Global
	GlobalSection(SolutionConfigurationPlatforms) = preSolution
		Debug|x64 = Debug|x64
		Debug|x86 = Debug|x86
		Release|x64 = Release|x64
		Release|x86 = Release|x86
	EndGlobalSection
	GlobalSection(ProjectConfigurationPlatforms) = postSolution
		{C6A5EF2E-FE95-4A5B-87EC-37282D1C7837}.Debug|x64.ActiveCfg = Debug|x64
		{C6A5EF2E-FE95-4A5B-87EC-37282D1C7837}.Debug|x64.Build.0 = Debug|x64
		{C6A5EF2E-FE95-4A5B-87EC-37282D1C7837}.Debug|x86.ActiveCfg = Debug|Win32
		{C6A5EF2E-FE95-4A5B-87EC-37282D1C7837}.Debug|x86.Build.0 = Debug|Win32
		{C6A5EF2E-FE95-4A5B-87EC-37282D1C7837}.Release|x64.ActiveCfg = Release|x64
		{C6A5EF2E-FE95-4A5B-87EC-37282D1C7837}.Release|x64.Build.0 = Release|x64
		{C6A5EF2E-FE95-4A5B-87EC-37282D1C7837}.Release|x86.ActiveCfg = Release|Win32
		{C6A5EF2E-FE95-4A5B-87EC-37282D1C7837}.Release|x86.Build.0 = Release|Win32
	EndGlobalSection
	GlobalSection(SolutionProperties) = preSolution
		HideSolutionNode = FALSE
	EndGlobalSection
	GlobalSection(ExtensibilityGlobals) = postSolution
		SolutionGuid = {35B83D7D-BEA5-43F1-9A6D-F36575EEBB34}
	EndGlobalSection
EndGlobal
